
Microsoft Visual Studio Solution File, Format Version 11.00
# Visual Studio 2010
Project("{888888A0-9F3D-457C-B088-3A5042F75D52}") = "bot_trust", "bot_trust\bot_trust.pyproj", "{4C7B13CE-82E7-4390-83FE-37CBF8307315}"
EndProject
Global
	GlobalSection(SolutionConfigurationPlatforms) = preSolution
		Debug|Any CPU = Debug|Any CPU
		Release|Any CPU = Release|Any CPU
	EndGlobalSection
	GlobalSection(ProjectConfigurationPlatforms) = postSolution
		{4C7B13CE-82E7-4390-83FE-37CBF8307315}.Debug|Any CPU.ActiveCfg = Debug|Any CPU
		{4C7B13CE-82E7-4390-83FE-37CBF8307315}.Debug|Any CPU.Build.0 = Debug|Any CPU
		{4C7B13CE-82E7-4390-83FE-37CBF8307315}.Release|Any CPU.ActiveCfg = Release|Any CPU
		{4C7B13CE-82E7-4390-83FE-37CBF8307315}.Release|Any CPU.Build.0 = Release|Any CPU
	EndGlobalSection
	GlobalSection(SolutionProperties) = preSolution
		HideSolutionNode = FALSE
	EndGlobalSection
EndGlobal
